// !$*UTF8*$!
{
	archiveVersion = 1;
	classes = {
	};
	objectVersion = 77;
	objects = {

/* Begin PBXContainerItemProxy section */
		ABA107952FB1A3E100F3DA81 /* PBXContainerItemProxy */ = {
			isa = PBXContainerItemProxy;
			containerPortal = ABA1077C2FB1A3E000F3DA81 /* Project object */;
			proxyType = 1;
			remoteGlobalIDString = ABA107832FB1A3E000F3DA81;
			remoteInfo = "x-translator";
		};
		ABA1079F2FB1A3E100F3DA81 /* PBXContainerItemProxy */ = {
			isa = PBXContainerItemProxy;
			containerPortal = ABA1077C2FB1A3E000F3DA81 /* Project object */;
			proxyType = 1;
			remoteGlobalIDString = ABA107832FB1A3E000F3DA81;
			remoteInfo = "x-translator";
		};
/* End PBXContainerItemProxy section */

/* Begin PBXFileReference section */
		ABA107842FB1A3E000F3DA81 /* x-translator.app */ = {isa = PBXFileReference; explicitFileType = wrapper.application; includeInIndex = 0; name = "x-translator.app"; path = SwiftTranslate.app; sourceTree = BUILT_PRODUCTS_DIR; };
		ABA107942FB1A3E100F3DA81 /* x-translatorTests.xctest */ = {isa = PBXFileReference; explicitFileType = wrapper.cfbundle; includeInIndex = 0; path = "x-translatorTests.xctest"; sourceTree = BUILT_PRODUCTS_DIR; };
		ABA1079E2FB1A3E100F3DA81 /* x-translatorUITests.xctest */ = {isa = PBXFileReference; explicitFileType = wrapper.cfbundle; includeInIndex = 0; path = "x-translatorUITests.xctest"; sourceTree = BUILT_PRODUCTS_DIR; };
/* End PBXFileReference section */

/* Begin PBXFileSystemSynchronizedRootGroup section */
		ABA107862FB1A3E000F3DA81 /* x-translator */ = {
			isa = PBXFileSystemSynchronizedRootGroup;
			path = "x-translator";
			sourceTree = "<group>";
		};
		ABA107972FB1A3E100F3DA81 /* x-translatorTests */ = {
			isa = PBXFileSystemSynchronizedRootGroup;
			path = "x-translatorTests";
			sourceTree = "<group>";
		};
		ABA107A12FB1A3E100F3DA81 /* x-translatorUITests */ = {
			isa = PBXFileSystemSynchronizedRootGroup;
			path = "x-translatorUITests";
			sourceTree = "<group>";
		};
/* End PBXFileSystemSynchronizedRootGroup section */

/* Begin PBXFrameworksBuildPhase section */
		ABA107812FB1A3E000F3DA81 /* Frameworks */ = {
			isa = PBXFrameworksBuildPhase;
			buildActionMask = 2147483647;
			files = (
			);
			runOnlyForDeploymentPostprocessing = 0;
		};
		ABA107912FB1A3E100F3DA81 /* Frameworks */ = {
			isa = PBXFrameworksBuildPhase;
			buildActionMask = 2147483647;
			files = (
			);
			runOnlyForDeploymentPostprocessing = 0;
		};
		ABA1079B2FB1A3E100F3DA81 /* Frameworks */ = {
			isa = PBXFrameworksBuildPhase;
			buildActionMask = 2147483647;
			files = (
			);
			runOnlyForDeploymentPostprocessing = 0;
		};
/* End PBXFrameworksBuildPhase section */

/* Begin PBXGroup section */
		ABA1077B2FB1A3E000F3DA81 = {
			isa = PBXGroup;
			children = (
				ABA107862FB1A3E000F3DA81 /* x-translator */,
				ABA107972FB1A3E100F3DA81 /* x-translatorTests */,
				ABA107A12FB1A3E100F3DA81 /* x-translatorUITests */,
				ABA107852FB1A3E000F3DA81 /* Products */,
			);
			sourceTree = "<group>";
		};
		ABA107852FB1A3E000F3DA81 /* Products */ = {
			isa = PBXGroup;
			children = (
				ABA107842FB1A3E000F3DA81 /* x-translator.app */,
				ABA107942FB1A3E100F3DA81 /* x-translatorTests.xctest */,
				ABA1079E2FB1A3E100F3DA81 /* x-translatorUITests.xctest */,
			);
			name = Products;
			sourceTree = "<group>";
		};
/* End PBXGroup section */

/* Begin PBXNativeTarget section */
		ABA107832FB1A3E000F3DA81 /* x-translator */ = {
			isa = PBXNativeTarget;
			buildConfigurationList = ABA107A82FB1A3E100F3DA81 /* Build configuration list for PBXNativeTarget "x-translator" */;
			buildPhases = (
				ABA107802FB1A3E000F3DA81 /* Sources */,
				ABA107812FB1A3E000F3DA81 /* Frameworks */,
				ABA107822FB1A3E000F3DA81 /* Resources */,
			);
			buildRules = (
			);
			dependencies = (
			);
			fileSystemSynchronizedGroups = (
				ABA107862FB1A3E000F3DA81 /* x-translator */,
			);
			name = "x-translator";
			packageProductDependencies = (
			);
			productName = "x-translator";
			productReference = ABA107842FB1A3E000F3DA81 /* x-translator.app */;
			productType = "com.apple.product-type.application";
		};
		ABA107932FB1A3E100F3DA81 /* x-translatorTests */ = {
			isa = PBXNativeTarget;
			buildConfigurationList = ABA107AB2FB1A3E100F3DA81 /* Build configuration list for PBXNativeTarget "x-translatorTests" */;
			buildPhases = (
				ABA107902FB1A3E100F3DA81 /* Sources */,
				ABA107912FB1A3E100F3DA81 /* Frameworks */,
				ABA107922FB1A3E100F3DA81 /* Resources */,
			);
			buildRules = (
			);
			dependencies = (
				ABA107962FB1A3E100F3DA81 /* PBXTargetDependency */,
			);
			fileSystemSynchronizedGroups = (
				ABA107972FB1A3E100F3DA81 /* x-translatorTests */,
			);
			name = "x-translatorTests";
			packageProductDependencies = (
			);
			productName = "x-translatorTests";
			productReference = ABA107942FB1A3E100F3DA81 /* x-translatorTests.xctest */;
			productType = "com.apple.product-type.bundle.unit-test";
		};
		ABA1079D2FB1A3E100F3DA81 /* x-translatorUITests */ = {
			isa = PBXNativeTarget;
			buildConfigurationList = ABA107AE2FB1A3E100F3DA81 /* Build configuration list for PBXNativeTarget "x-translatorUITests" */;
			buildPhases = (
				ABA1079A2FB1A3E100F3DA81 /* Sources */,
				ABA1079B2FB1A3E100F3DA81 /* Frameworks */,
				ABA1079C2FB1A3E100F3DA81 /* Resources */,
			);
			buildRules = (
			);
			dependencies = (
				ABA107A02FB1A3E100F3DA81 /* PBXTargetDependency */,
			);
			fileSystemSynchronizedGroups = (
				ABA107A12FB1A3E100F3DA81 /* x-translatorUITests */,
			);
			name = "x-translatorUITests";
			packageProductDependencies = (
			);
			productName = "x-translatorUITests";
			productReference = ABA1079E2FB1A3E100F3DA81 /* x-translatorUITests.xctest */;
			productType = "com.apple.product-type.bundle.ui-testing";
		};
/* End PBXNativeTarget section */

/* Begin PBXProject section */
		ABA1077C2FB1A3E000F3DA81 /* Project object */ = {
			isa = PBXProject;
			attributes = {
				BuildIndependentTargetsInParallel = 1;
				LastSwiftUpdateCheck = 1640;
				LastUpgradeCheck = 1640;
				TargetAttributes = {
					ABA107832FB1A3E000F3DA81 = {
						CreatedOnToolsVersion = 16.4;
					};
					ABA107932FB1A3E100F3DA81 = {
						CreatedOnToolsVersion = 16.4;
						TestTargetID = ABA107832FB1A3E000F3DA81;
					};
					ABA1079D2FB1A3E100F3DA81 = {
						CreatedOnToolsVersion = 16.4;
						TestTargetID = ABA107832FB1A3E000F3DA81;
					};
				};
			};
			buildConfigurationList = ABA1077F2FB1A3E000F3DA81 /* Build configuration list for PBXProject "x-translator" */;
			developmentRegion = en;
			hasScannedForEncodings = 0;
			knownRegions = (
				en,
				Base,
				"zh-Hans",
			);
			mainGroup = ABA1077B2FB1A3E000F3DA81;
			minimizedProjectReferenceProxies = 1;
			preferredProjectObjectVersion = 77;
			productRefGroup = ABA107852FB1A3E000F3DA81 /* Products */;
			projectDirPath = "";
			projectRoot = "";
			targets = (
				ABA107832FB1A3E000F3DA81 /* x-translator */,
				ABA107932FB1A3E100F3DA81 /* x-translatorTests */,
				ABA1079D2FB1A3E100F3DA81 /* x-translatorUITests */,
			);
		};
/* End PBXProject section */

/* Begin PBXResourcesBuildPhase section */
		ABA107822FB1A3E000F3DA81 /* Resources */ = {
			isa = PBXResourcesBuildPhase;
			buildActionMask = 2147483647;
			files = (
			);
			runOnlyForDeploymentPostprocessing = 0;
		};
		ABA107922FB1A3E100F3DA81 /* Resources */ = {
			isa = PBXResourcesBuildPhase;
			buildActionMask = 2147483647;
			files = (
			);
			runOnlyForDeploymentPostprocessing = 0;
		};
		ABA1079C2FB1A3E100F3DA81 /* Resources */ = {
			isa = PBXResourcesBuildPhase;
			buildActionMask = 2147483647;
			files = (
			);
			runOnlyForDeploymentPostprocessing = 0;
		};
/* End PBXResourcesBuildPhase section */

/* Begin PBXSourcesBuildPhase section */
		ABA107802FB1A3E000F3DA81 /* Sources */ = {
			isa = PBXSourcesBuildPhase;
			buildActionMask = 2147483647;
			files = (
			);
			runOnlyForDeploymentPostprocessing = 0;
		};
		ABA107902FB1A3E100F3DA81 /* Sources */ = {
			isa = PBXSourcesBuildPhase;
			buildActionMask = 2147483647;
			files = (
			);
			runOnlyForDeploymentPostprocessing = 0;
		};
		ABA1079A2FB1A3E100F3DA81 /* Sources */ = {
			isa = PBXSourcesBuildPhase;
			buildActionMask = 2147483647;
			files = (
			);
			runOnlyForDeploymentPostprocessing = 0;
		};
/* End PBXSourcesBuildPhase section */

/* Begin PBXTargetDependency section */
		ABA107962FB1A3E100F3DA81 /* PBXTargetDependency */ = {
			isa = PBXTargetDependency;
			target = ABA107832FB1A3E000F3DA81 /* x-translator */;
			targetProxy = ABA107952FB1A3E100F3DA81 /* PBXContainerItemProxy */;
		};
		ABA107A02FB1A3E100F3DA81 /* PBXTargetDependency */ = {
			isa = PBXTargetDependency;
			target = ABA107832FB1A3E000F3DA81 /* x-translator */;
			targetProxy = ABA1079F2FB1A3E100F3DA81 /* PBXContainerItemProxy */;
		};
/* End PBXTargetDependency section */

/* Begin XCBuildConfiguration section */
		ABA107A62FB1A3E100F3DA81 /* Debug */ = {
			isa = XCBuildConfiguration;
			buildSettings = {
				ALWAYS_SEARCH_USER_PATHS = NO;
				ASSETCATALOG_COMPILER_GENERATE_SWIFT_ASSET_SYMBOL_EXTENSIONS = YES;
				CLANG_ANALYZER_NONNULL = YES;
				CLANG_ANALYZER_NUMBER_OBJECT_CONVERSION = YES_AGGRESSIVE;
				CLANG_CXX_LANGUAGE_STANDARD = "gnu++20";
				CLANG_ENABLE_MODULES = YES;
				CLANG_ENABLE_OBJC_ARC = YES;
				CLANG_ENABLE_OBJC_WEAK = YES;
				CLANG_WARN_BLOCK_CAPTURE_AUTORELEASING = YES;
				CLANG_WARN_BOOL_CONVERSION = YES;
				CLANG_WARN_COMMA = YES;
				CLANG_WARN_CONSTANT_CONVERSION = YES;
				CLANG_WARN_DEPRECATED_OBJC_IMPLEMENTATIONS = YES;
				CLANG_WARN_DIRECT_OBJC_ISA_USAGE = YES_ERROR;
				CLANG_WARN_DOCUMENTATION_COMMENTS = YES;
				CLANG_WARN_EMPTY_BODY = YES;
				CLANG_WARN_ENUM_CONVERSION = YES;
				CLANG_WARN_INFINITE_RECURSION = YES;
				CLANG_WARN_INT_CONVERSION = YES;
				CLANG_WARN_NON_LITERAL_NULL_CONVERSION = YES;
				CLANG_WARN_OBJC_IMPLICIT_RETAIN_SELF = YES;
				CLANG_WARN_OBJC_LITERAL_CONVERSION = YES;
				CLANG_WARN_OBJC_ROOT_CLASS = YES_ERROR;
				CLANG_WARN_QUOTED_INCLUDE_IN_FRAMEWORK_HEADER = YES;
				CLANG_WARN_RANGE_LOOP_ANALYSIS = YES;
				CLANG_WARN_STRICT_PROTOTYPES = YES;
				CLANG_WARN_SUSPICIOUS_MOVE = YES;
				CLANG_WARN_UNGUARDED_AVAILABILITY = YES_AGGRESSIVE;
				CLANG_WARN_UNREACHABLE_CODE = YES;
				CLANG_WARN__DUPLICATE_METHOD_MATCH = YES;
				COPY_PHASE_STRIP = NO;
				DEBUG_INFORMATION_FORMAT = dwarf;
				ENABLE_STRICT_OBJC_MSGSEND = YES;
				ENABLE_TESTABILITY = YES;
				ENABLE_USER_SCRIPT_SANDBOXING = YES;
				GCC_C_LANGUAGE_STANDARD = gnu17;
				GCC_DYNAMIC_NO_PIC = NO;
				GCC_NO_COMMON_BLOCKS = YES;
				GCC_OPTIMIZATION_LEVEL = 0;
				GCC_PREPROCESSOR_DEFINITIONS = (
					"DEBUG=1",
					"$(inherited)",
				);
				GCC_WARN_64_TO_32_BIT_CONVERSION = YES;
				GCC_WARN_ABOUT_RETURN_TYPE = YES_ERROR;
				GCC_WARN_UNDECLARED_SELECTOR = YES;
				GCC_WARN_UNINITIALIZED_AUTOS = YES_AGGRESSIVE;
				GCC_WARN_UNUSED_FUNCTION = YES;
				GCC_WARN_UNUSED_VARIABLE = YES;
				LOCALIZATION_PREFERS_STRING_CATALOGS = YES;
				MACOSX_DEPLOYMENT_TARGET = 15.5;
				MTL_ENABLE_DEBUG_INFO = INCLUDE_SOURCE;
				MTL_FAST_MATH = YES;
				ONLY_ACTIVE_ARCH = YES;
				SDKROOT = macosx;
				SWIFT_ACTIVE_COMPILATION_CONDITIONS = "DEBUG $(inherited)";
				SWIFT_OPTIMIZATION_LEVEL = "-Onone";
			};
			name = Debug;
		};
		ABA107A72FB1A3E100F3DA81 /* Release */ = {
			isa = XCBuildConfiguration;
			buildSettings = {
				ALWAYS_SEARCH_USER_PATHS = NO;
				ASSETCATALOG_COMPILER_GENERATE_SWIFT_ASSET_SYMBOL_EXTENSIONS = YES;
				CLANG_ANALYZER_NONNULL = YES;
				CLANG_ANALYZER_NUMBER_OBJECT_CONVERSION = YES_AGGRESSIVE;
				CLANG_CXX_LANGUAGE_STANDARD = "gnu++20";
				CLANG_ENABLE_MODULES = YES;
				CLANG_ENABLE_OBJC_ARC = YES;
				CLANG_ENABLE_OBJC_WEAK = YES;
				CLANG_WARN_BLOCK_CAPTURE_AUTORELEASING = YES;
				CLANG_WARN_BOOL_CONVERSION = YES;
				CLANG_WARN_COMMA = YES;
				CLANG_WARN_CONSTANT_CONVERSION = YES;
				CLANG_WARN_DEPRECATED_OBJC_IMPLEMENTATIONS = YES;
				CLANG_WARN_DIRECT_OBJC_ISA_USAGE = YES_ERROR;
				CLANG_WARN_DOCUMENTATION_COMMENTS = YES;
				CLANG_WARN_EMPTY_BODY = YES;
				CLANG_WARN_ENUM_CONVERSION = YES;
				CLANG_WARN_INFINITE_RECURSION = YES;
				CLANG_WARN_INT_CONVERSION = YES;
				CLANG_WARN_NON_LITERAL_NULL_CONVERSION = YES;
				CLANG_WARN_OBJC_IMPLICIT_RETAIN_SELF = YES;
				CLANG_WARN_OBJC_LITERAL_CONVERSION = YES;
				CLANG_WARN_OBJC_ROOT_CLASS = YES_ERROR;
				CLANG_WARN_QUOTED_INCLUDE_IN_FRAMEWORK_HEADER = YES;
				CLANG_WARN_RANGE_LOOP_ANALYSIS = YES;
				CLANG_WARN_STRICT_PROTOTYPES = YES;
				CLANG_WARN_SUSPICIOUS_MOVE = YES;
				CLANG_WARN_UNGUARDED_AVAILABILITY = YES_AGGRESSIVE;
				CLANG_WARN_UNREACHABLE_CODE = YES;
				CLANG_WARN__DUPLICATE_METHOD_MATCH = YES;
				COPY_PHASE_STRIP = NO;
				DEBUG_INFORMATION_FORMAT = "dwarf-with-dsym";
				ENABLE_NS_ASSERTIONS = NO;
				ENABLE_STRICT_OBJC_MSGSEND = YES;
				ENABLE_USER_SCRIPT_SANDBOXING = YES;
				GCC_C_LANGUAGE_STANDARD = gnu17;
				GCC_NO_COMMON_BLOCKS = YES;
				GCC_WARN_64_TO_32_BIT_CONVERSION = YES;
				GCC_WARN_ABOUT_RETURN_TYPE = YES_ERROR;
				GCC_WARN_UNDECLARED_SELECTOR = YES;
				GCC_WARN_UNINITIALIZED_AUTOS = YES_AGGRESSIVE;
				GCC_WARN_UNUSED_FUNCTION = YES;
				GCC_WARN_UNUSED_VARIABLE = YES;
				LOCALIZATION_PREFERS_STRING_CATALOGS = YES;
				MACOSX_DEPLOYMENT_TARGET = 15.5;
				MTL_ENABLE_DEBUG_INFO = NO;
				MTL_FAST_MATH = YES;
				SDKROOT = macosx;
				SWIFT_COMPILATION_MODE = wholemodule;
			};
			name = Release;
		};
		ABA107A92FB1A3E100F3DA81 /* Debug */ = {
			isa = XCBuildConfiguration;
			buildSettings = {
				ASSETCATALOG_COMPILER_APPICON_NAME = AppIcon;
				ASSETCATALOG_COMPILER_GLOBAL_ACCENT_COLOR_NAME = AccentColor;
				CODE_SIGN_ENTITLEMENTS = "x-translator/x_translator.entitlements";
				CODE_SIGN_STYLE = Automatic;
				COMBINE_HIDPI_IMAGES = YES;
				CURRENT_PROJECT_VERSION = 1;
				ENABLE_PREVIEWS = YES;
				GENERATE_INFOPLIST_FILE = YES;
				INFOPLIST_KEY_CFBundleDisplayName = SwiftTranslate;
				INFOPLIST_KEY_NSHumanReadableCopyright = "";
				LD_RUNPATH_SEARCH_PATHS = (
					"$(inherited)",
					"@executable_path/../Frameworks",
				);
				MACOSX_DEPLOYMENT_TARGET = 15.0;
				MARKETING_VERSION = 1.0;
				PRODUCT_BUNDLE_IDENTIFIER = "xin.x-translator";
				PRODUCT_NAME = SwiftTranslate;
				REGISTER_APP_GROUPS = YES;
				SWIFT_EMIT_LOC_STRINGS = YES;
				SWIFT_VERSION = 5.0;
			};
			name = Debug;
		};
		ABA107AA2FB1A3E100F3DA81 /* Release */ = {
			isa = XCBuildConfiguration;
			buildSettings = {
				ASSETCATALOG_COMPILER_APPICON_NAME = AppIcon;
				ASSETCATALOG_COMPILER_GLOBAL_ACCENT_COLOR_NAME = AccentColor;
				CODE_SIGN_ENTITLEMENTS = "x-translator/x_translator.entitlements";
				CODE_SIGN_STYLE = Automatic;
				COMBINE_HIDPI_IMAGES = YES;
				CURRENT_PROJECT_VERSION = 1;
				ENABLE_PREVIEWS = YES;
				GENERATE_INFOPLIST_FILE = YES;
				INFOPLIST_KEY_CFBundleDisplayName = SwiftTranslate;
				INFOPLIST_KEY_NSHumanReadableCopyright = "";
				LD_RUNPATH_SEARCH_PATHS = (
					"$(inherited)",
					"@executable_path/../Frameworks",
				);
				MACOSX_DEPLOYMENT_TARGET = 15.0;
				MARKETING_VERSION = 1.0;
				PRODUCT_BUNDLE_IDENTIFIER = "xin.x-translator";
				PRODUCT_NAME = SwiftTranslate;
				REGISTER_APP_GROUPS = YES;
				SWIFT_EMIT_LOC_STRINGS = YES;
				SWIFT_VERSION = 5.0;
			};
			name = Release;
		};
		ABA107AC2FB1A3E100F3DA81 /* Debug */ = {
			isa = XCBuildConfiguration;
			buildSettings = {
				BUNDLE_LOADER = "$(TEST_HOST)";
				CODE_SIGN_STYLE = Automatic;
				CURRENT_PROJECT_VERSION = 1;
				GENERATE_INFOPLIST_FILE = YES;
				MACOSX_DEPLOYMENT_TARGET = 15.0;
				MARKETING_VERSION = 1.0;
				PRODUCT_BUNDLE_IDENTIFIER = "xin.x-translatorTests";
				PRODUCT_NAME = "$(TARGET_NAME)";
				SWIFT_EMIT_LOC_STRINGS = NO;
				SWIFT_VERSION = 5.0;
				TEST_HOST = "$(BUILT_PRODUCTS_DIR)/SwiftTranslate.app/$(BUNDLE_EXECUTABLE_FOLDER_PATH)/SwiftTranslate";
			};
			name = Debug;
		};
		ABA107AD2FB1A3E100F3DA81 /* Release */ = {
			isa = XCBuildConfiguration;
			buildSettings = {
				BUNDLE_LOADER = "$(TEST_HOST)";
				CODE_SIGN_STYLE = Automatic;
				CURRENT_PROJECT_VERSION = 1;
				GENERATE_INFOPLIST_FILE = YES;
				MACOSX_DEPLOYMENT_TARGET = 15.0;
				MARKETING_VERSION = 1.0;
				PRODUCT_BUNDLE_IDENTIFIER = "xin.x-translatorTests";
				PRODUCT_NAME = "$(TARGET_NAME)";
				SWIFT_EMIT_LOC_STRINGS = NO;
				SWIFT_VERSION = 5.0;
				TEST_HOST = "$(BUILT_PRODUCTS_DIR)/SwiftTranslate.app/$(BUNDLE_EXECUTABLE_FOLDER_PATH)/SwiftTranslate";
			};
			name = Release;
		};
		ABA107AF2FB1A3E100F3DA81 /* Debug */ = {
			isa = XCBuildConfiguration;
			buildSettings = {
				CODE_SIGN_STYLE = Automatic;
				CURRENT_PROJECT_VERSION = 1;
				GENERATE_INFOPLIST_FILE = YES;
				MARKETING_VERSION = 1.0;
				PRODUCT_BUNDLE_IDENTIFIER = "xin.x-translatorUITests";
				PRODUCT_NAME = "$(TARGET_NAME)";
				SWIFT_EMIT_LOC_STRINGS = NO;
				SWIFT_VERSION = 5.0;
				TEST_TARGET_NAME = "x-translator";
			};
			name = Debug;
		};
		ABA107B02FB1A3E100F3DA81 /* Release */ = {
			isa = XCBuildConfiguration;
			buildSettings = {
				CODE_SIGN_STYLE = Automatic;
				CURRENT_PROJECT_VERSION = 1;
				GENERATE_INFOPLIST_FILE = YES;
				MARKETING_VERSION = 1.0;
				PRODUCT_BUNDLE_IDENTIFIER = "xin.x-translatorUITests";
				PRODUCT_NAME = "$(TARGET_NAME)";
				SWIFT_EMIT_LOC_STRINGS = NO;
				SWIFT_VERSION = 5.0;
				TEST_TARGET_NAME = "x-translator";
			};
			name = Release;
		};
/* End XCBuildConfiguration section */

/* Begin XCConfigurationList section */
		ABA1077F2FB1A3E000F3DA81 /* Build configuration list for PBXProject "x-translator" */ = {
			isa = XCConfigurationList;
			buildConfigurations = (
				ABA107A62FB1A3E100F3DA81 /* Debug */,
				ABA107A72FB1A3E100F3DA81 /* Release */,
			);
			defaultConfigurationIsVisible = 0;
			defaultConfigurationName = Release;
		};
		ABA107A82FB1A3E100F3DA81 /* Build configuration list for PBXNativeTarget "x-translator" */ = {
			isa = XCConfigurationList;
			buildConfigurations = (
				ABA107A92FB1A3E100F3DA81 /* Debug */,
				ABA107AA2FB1A3E100F3DA81 /* Release */,
			);
			defaultConfigurationIsVisible = 0;
			defaultConfigurationName = Release;
		};
		ABA107AB2FB1A3E100F3DA81 /* Build configuration list for PBXNativeTarget "x-translatorTests" */ = {
			isa = XCConfigurationList;
			buildConfigurations = (
				ABA107AC2FB1A3E100F3DA81 /* Debug */,
				ABA107AD2FB1A3E100F3DA81 /* Release */,
			);
			defaultConfigurationIsVisible = 0;
			defaultConfigurationName = Release;
		};
		ABA107AE2FB1A3E100F3DA81 /* Build configuration list for PBXNativeTarget "x-translatorUITests" */ = {
			isa = XCConfigurationList;
			buildConfigurations = (
				ABA107AF2FB1A3E100F3DA81 /* Debug */,
				ABA107B02FB1A3E100F3DA81 /* Release */,
			);
			defaultConfigurationIsVisible = 0;
			defaultConfigurationName = Release;
		};
/* End XCConfigurationList section */
	};
	rootObject = ABA1077C2FB1A3E000F3DA81 /* Project object */;
}
